
Microsoft Visual Studio Solution File, Format Version 12.00
Project("{FAE04EC0-301F-11D3-BF4B-00C04F79EFBC}") = "WebApplication", "WebApplication\WebApplication.csproj", "{0099797E-631D-421A-A433-2F6AD3D033A8}"
EndProject
Project("{FAE04EC0-301F-11D3-BF4B-00C04F79EFBC}") = "Executer", "Executer\Executer.csproj", "{0AF6E76E-A7F9-41BC-B442-B334763120EC}"
EndProject
Project("{FAE04EC0-301F-11D3-BF4B-00C04F79EFBC}") = "Models", "Models\Models.csproj", "{E508242B-DDD8-4ADF-964E-342E1A0B7ACA}"
EndProject
Global
	GlobalSection(SolutionConfigurationPlatforms) = preSolution
		Debug|Any CPU = Debug|Any CPU
		Release|Any CPU = Release|Any CPU
	EndGlobalSection
	GlobalSection(ProjectConfigurationPlatforms) = postSolution
		{0099797E-631D-421A-A433-2F6AD3D033A8}.Debug|Any CPU.ActiveCfg = Debug|Any CPU
		{0099797E-631D-421A-A433-2F6AD3D033A8}.Debug|Any CPU.Build.0 = Debug|Any CPU
		{0099797E-631D-421A-A433-2F6AD3D033A8}.Release|Any CPU.ActiveCfg = Release|Any CPU
		{0099797E-631D-421A-A433-2F6AD3D033A8}.Release|Any CPU.Build.0 = Release|Any CPU
		{0AF6E76E-A7F9-41BC-B442-B334763120EC}.Debug|Any CPU.ActiveCfg = Debug|Any CPU
		{0AF6E76E-A7F9-41BC-B442-B334763120EC}.Debug|Any CPU.Build.0 = Debug|Any CPU
		{0AF6E76E-A7F9-41BC-B442-B334763120EC}.Release|Any CPU.ActiveCfg = Release|Any CPU
		{0AF6E76E-A7F9-41BC-B442-B334763120EC}.Release|Any CPU.Build.0 = Release|Any CPU
		{E508242B-DDD8-4ADF-964E-342E1A0B7ACA}.Debug|Any CPU.ActiveCfg = Debug|Any CPU
		{E508242B-DDD8-4ADF-964E-342E1A0B7ACA}.Debug|Any CPU.Build.0 = Debug|Any CPU
		{E508242B-DDD8-4ADF-964E-342E1A0B7ACA}.Release|Any CPU.ActiveCfg = Release|Any CPU
		{E508242B-DDD8-4ADF-964E-342E1A0B7ACA}.Release|Any CPU.Build.0 = Release|Any CPU
	EndGlobalSection
EndGlobal
